
Microsoft Visual Studio Solution File, Format Version 12.00
# Visual Studio Version 17
VisualStudioVersion = 17.14.36127.28 d17.14
MinimumVisualStudioVersion = 10.0.40219.1
Project("{FAE04EC0-301F-11D3-BF4B-00C04F79EFBC}") = "MvcOnlineTicariOtomasyon", "MvcOnlineTicariOtomasyon\MvcOnlineTicariOtomasyon.csproj", "{CA5C6974-DB4D-4AD4-93EC-742E4D6E3F60}"
EndProject
Global
	GlobalSection(SolutionConfigurationPlatforms) = preSolution
		Debug|Any CPU = Debug|Any CPU
		Release|Any CPU = Release|Any CPU
	EndGlobalSection
	GlobalSection(ProjectConfigurationPlatforms) = postSolution
		{CA5C6974-DB4D-4AD4-93EC-742E4D6E3F60}.Debug|Any CPU.ActiveCfg = Debug|Any CPU
		{CA5C6974-DB4D-4AD4-93EC-742E4D6E3F60}.Debug|Any CPU.Build.0 = Debug|Any CPU
		{CA5C6974-DB4D-4AD4-93EC-742E4D6E3F60}.Release|Any CPU.ActiveCfg = Release|Any CPU
		{CA5C6974-DB4D-4AD4-93EC-742E4D6E3F60}.Release|Any CPU.Build.0 = Release|Any CPU
	EndGlobalSection
	GlobalSection(SolutionProperties) = preSolution
		HideSolutionNode = FALSE
	EndGlobalSection
	GlobalSection(ExtensibilityGlobals) = postSolution
		SolutionGuid = {77B21449-7F38-42FD-B238-90121B090D3A}
	EndGlobalSection
EndGlobal
